// !$*UTF8*$!
{
	archiveVersion = 1;
	classes = {
	};
	objectVersion = 46;
	objects = {

/* Begin PBXBuildFile section */
		582FADAE1E4F888D008DADF2 /* AppDelegate.swift in Sources */ = {isa = PBXBuildFile; fileRef = 582FADAD1E4F888D008DADF2 /* AppDelegate.swift */; };
		582FADB01E4F888D008DADF2 /* CountDownViewController.swift in Sources */ = {isa = PBXBuildFile; fileRef = 582FADAF1E4F888D008DADF2 /* CountDownViewController.swift */; };
		582FADB31E4F888D008DADF2 /* Main.storyboard in Resources */ = {isa = PBXBuildFile; fileRef = 582FADB11E4F888D008DADF2 /* Main.storyboard */; };
		582FADB51E4F888D008DADF2 /* Assets.xcassets in Resources */ = {isa = PBXBuildFile; fileRef = 582FADB41E4F888D008DADF2 /* Assets.xcassets */; };
		582FADB81E4F888D008DADF2 /* LaunchScreen.storyboard in Resources */ = {isa = PBXBuildFile; fileRef = 582FADB61E4F888D008DADF2 /* LaunchScreen.storyboard */; };
		582FADC31E4F888D008DADF2 /* CountDownTests.swift in Sources */ = {isa = PBXBuildFile; fileRef = 582FADC21E4F888D008DADF2 /* CountDownTests.swift */; };
		582FADCE1E4F92E8008DADF2 /* CountDownTimeLabel.swift in Sources */ = {isa = PBXBuildFile; fileRef = 582FADCD1E4F92E8008DADF2 /* CountDownTimeLabel.swift */; };
		582FADD11E4F9BA4008DADF2 /* AudioToolbox.framework in Frameworks */ = {isa = PBXBuildFile; fileRef = 582FADD01E4F9BA4008DADF2 /* AudioToolbox.framework */; };
		582FADD31E4FA813008DADF2 /* BackgroundView.swift in Sources */ = {isa = PBXBuildFile; fileRef = 582FADD21E4FA813008DADF2 /* BackgroundView.swift */; };
		582FADD51E4FC8C5008DADF2 /* TimeIntervalExtensions.swift in Sources */ = {isa = PBXBuildFile; fileRef = 582FADD41E4FC8C5008DADF2 /* TimeIntervalExtensions.swift */; };
		582FADD71E4FD0BD008DADF2 /* Testing.swift in Sources */ = {isa = PBXBuildFile; fileRef = 582FADD61E4FD0BD008DADF2 /* Testing.swift */; };
		582FADD91E4FDF32008DADF2 /* NSLayoutConstraintExtensions.swift in Sources */ = {isa = PBXBuildFile; fileRef = 582FADD81E4FDF32008DADF2 /* NSLayoutConstraintExtensions.swift */; };
		5857FBA81E51AC160093565B /* SettingsViewController.swift in Sources */ = {isa = PBXBuildFile; fileRef = 5857FBA61E51AC160093565B /* SettingsViewController.swift */; };
		5857FBA91E51AC160093565B /* Sounds.swift in Sources */ = {isa = PBXBuildFile; fileRef = 5857FBA71E51AC160093565B /* Sounds.swift */; };
		5857FBAB1E51AC310093565B /* VibrateSettingsCell.swift in Sources */ = {isa = PBXBuildFile; fileRef = 5857FBAA1E51AC310093565B /* VibrateSettingsCell.swift */; };
		5857FBB51E5221C70093565B /* PocketSphinx.h in Headers */ = {isa = PBXBuildFile; fileRef = 5857FBB31E5221C70093565B /* PocketSphinx.h */; settings = {ATTRIBUTES = (Public, ); }; };
		5857FBB81E5221C70093565B /* PocketSphinx.framework in Frameworks */ = {isa = PBXBuildFile; fileRef = 5857FBB11E5221C70093565B /* PocketSphinx.framework */; };
		5857FBB91E5221C70093565B /* PocketSphinx.framework in Embed Frameworks */ = {isa = PBXBuildFile; fileRef = 5857FBB11E5221C70093565B /* PocketSphinx.framework */; settings = {ATTRIBUTES = (CodeSignOnCopy, RemoveHeadersOnCopy, ); }; };
		5857FF3F1E558DF20093565B /* cmdln_macro.h in Headers */ = {isa = PBXBuildFile; fileRef = 5857FF0F1E558DF20093565B /* cmdln_macro.h */; };
		5857FF401E558DF20093565B /* pocketsphinx.h in Headers */ = {isa = PBXBuildFile; fileRef = 5857FF101E558DF20093565B /* pocketsphinx.h */; };
		5857FF411E558DF20093565B /* pocketsphinx_export.h in Headers */ = {isa = PBXBuildFile; fileRef = 5857FF111E558DF20093565B /* pocketsphinx_export.h */; };
		5857FF421E558DF20093565B /* ps_lattice.h in Headers */ = {isa = PBXBuildFile; fileRef = 5857FF121E558DF20093565B /* ps_lattice.h */; };
		5857FF431E558DF20093565B /* ps_mllr.h in Headers */ = {isa = PBXBuildFile; fileRef = 5857FF131E558DF20093565B /* ps_mllr.h */; };
		5857FF441E558DF20093565B /* ps_search.h in Headers */ = {isa = PBXBuildFile; fileRef = 5857FF141E558DF20093565B /* ps_search.h */; };
		5857FF451E558DF20093565B /* ad.h in Headers */ = {isa = PBXBuildFile; fileRef = 5857FF161E558DF20093565B /* ad.h */; };
		5857FF461E558DF20093565B /* agc.h in Headers */ = {isa = PBXBuildFile; fileRef = 5857FF171E558DF20093565B /* agc.h */; };
		5857FF471E558DF20093565B /* bio.h in Headers */ = {isa = PBXBuildFile; fileRef = 5857FF181E558DF20093565B /* bio.h */; };
		5857FF481E558DF20093565B /* bitarr.h in Headers */ = {isa = PBXBuildFile; fileRef = 5857FF191E558DF20093565B /* bitarr.h */; };
		5857FF491E558DF20093565B /* bitvec.h in Headers */ = {isa = PBXBuildFile; fileRef = 5857FF1A1E558DF20093565B /* bitvec.h */; };
		5857FF4A1E558DF20093565B /* byteorder.h in Headers */ = {isa = PBXBuildFile; fileRef = 5857FF1B1E558DF20093565B /* byteorder.h */; };
		5857FF4B1E558DF20093565B /* case.h in Headers */ = {isa = PBXBuildFile; fileRef = 5857FF1C1E558DF20093565B /* case.h */; };
		5857FF4C1E558DF20093565B /* ckd_alloc.h in Headers */ = {isa = PBXBuildFile; fileRef = 5857FF1D1E558DF20093565B /* ckd_alloc.h */; };
		5857FF4D1E558DF20093565B /* clapack_lite.h in Headers */ = {isa = PBXBuildFile; fileRef = 5857FF1E1E558DF20093565B /* clapack_lite.h */; };
		5857FF4E1E558DF20093565B /* cmd_ln.h in Headers */ = {isa = PBXBuildFile; fileRef = 5857FF1F1E558DF20093565B /* cmd_ln.h */; };
		5857FF4F1E558DF20093565B /* cmn.h in Headers */ = {isa = PBXBuildFile; fileRef = 5857FF201E558DF20093565B /* cmn.h */; };
		5857FF501E558DF20093565B /* err.h in Headers */ = {isa = PBXBuildFile; fileRef = 5857FF211E558DF20093565B /* err.h */; };
		5857FF511E558DF20093565B /* f2c.h in Headers */ = {isa = PBXBuildFile; fileRef = 5857FF221E558DF20093565B /* f2c.h */; };
		5857FF521E558DF20093565B /* fe.h in Headers */ = {isa = PBXBuildFile; fileRef = 5857FF231E558DF20093565B /* fe.h */; };
		5857FF531E558DF20093565B /* feat.h in Headers */ = {isa = PBXBuildFile; fileRef = 5857FF241E558DF20093565B /* feat.h */; };
		5857FF541E558DF20093565B /* filename.h in Headers */ = {isa = PBXBuildFile; fileRef = 5857FF251E558DF20093565B /* filename.h */; };
		5857FF551E558DF20093565B /* fixpoint.h in Headers */ = {isa = PBXBuildFile; fileRef = 5857FF261E558DF20093565B /* fixpoint.h */; };
		5857FF561E558DF20093565B /* fsg_model.h in Headers */ = {isa = PBXBuildFile; fileRef = 5857FF271E558DF20093565B /* fsg_model.h */; };
		5857FF571E558DF20093565B /* genrand.h in Headers */ = {isa = PBXBuildFile; fileRef = 5857FF281E558DF20093565B /* genrand.h */; };
		5857FF581E558DF20093565B /* glist.h in Headers */ = {isa = PBXBuildFile; fileRef = 5857FF291E558DF20093565B /* glist.h */; };
		5857FF591E558DF20093565B /* hash_table.h in Headers */ = {isa = PBXBuildFile; fileRef = 5857FF2A1E558DF20093565B /* hash_table.h */; };
		5857FF5A1E558DF20093565B /* heap.h in Headers */ = {isa = PBXBuildFile; fileRef = 5857FF2B1E558DF20093565B /* heap.h */; };
		5857FF5B1E558DF20093565B /* jsgf.h in Headers */ = {isa = PBXBuildFile; fileRef = 5857FF2C1E558DF20093565B /* jsgf.h */; };
		5857FF5C1E558DF20093565B /* listelem_alloc.h in Headers */ = {isa = PBXBuildFile; fileRef = 5857FF2D1E558DF20093565B /* listelem_alloc.h */; };
		5857FF5D1E558DF20093565B /* logmath.h in Headers */ = {isa = PBXBuildFile; fileRef = 5857FF2E1E558DF20093565B /* logmath.h */; };
		5857FF5E1E558DF20093565B /* matrix.h in Headers */ = {isa = PBXBuildFile; fileRef = 5857FF2F1E558DF20093565B /* matrix.h */; };
		5857FF5F1E558DF20093565B /* mmio.h in Headers */ = {isa = PBXBuildFile; fileRef = 5857FF301E558DF20093565B /* mmio.h */; };
		5857FF601E558DF20093565B /* ngram_model.h in Headers */ = {isa = PBXBuildFile; fileRef = 5857FF311E558DF20093565B /* ngram_model.h */; };
		5857FF611E558DF20093565B /* pio.h in Headers */ = {isa = PBXBuildFile; fileRef = 5857FF321E558DF20093565B /* pio.h */; };
		5857FF621E558DF20093565B /* prim_type.h in Headers */ = {isa = PBXBuildFile; fileRef = 5857FF331E558DF20093565B /* prim_type.h */; };
		5857FF631E558DF20093565B /* priority_queue.h in Headers */ = {isa = PBXBuildFile; fileRef = 5857FF341E558DF20093565B /* priority_queue.h */; };
		5857FF641E558DF20093565B /* profile.h in Headers */ = {isa = PBXBuildFile; fileRef = 5857FF351E558DF20093565B /* profile.h */; };
		5857FF651E558DF20093565B /* sbthread.h in Headers */ = {isa = PBXBuildFile; fileRef = 5857FF361E558DF20093565B /* sbthread.h */; };
		5857FF661E558DF20093565B /* sphinx_config.h in Headers */ = {isa = PBXBuildFile; fileRef = 5857FF371E558DF20093565B /* sphinx_config.h */; };
		5857FF671E558DF20093565B /* sphinxbase_export.h in Headers */ = {isa = PBXBuildFile; fileRef = 5857FF381E558DF20093565B /* sphinxbase_export.h */; };
		5857FF681E558DF20093565B /* strfuncs.h in Headers */ = {isa = PBXBuildFile; fileRef = 5857FF391E558DF20093565B /* strfuncs.h */; };
		5857FF691E558DF20093565B /* yin.h in Headers */ = {isa = PBXBuildFile; fileRef = 5857FF3A1E558DF20093565B /* yin.h */; };
		5857FF6A1E558DF20093565B /* libpocketsphinx.a in Frameworks */ = {isa = PBXBuildFile; fileRef = 5857FF3C1E558DF20093565B /* libpocketsphinx.a */; };
		5857FF6B1E558DF20093565B /* libsphinxad.a in Frameworks */ = {isa = PBXBuildFile; fileRef = 5857FF3D1E558DF20093565B /* libsphinxad.a */; };
		5857FF6C1E558DF20093565B /* libsphinxbase.a in Frameworks */ = {isa = PBXBuildFile; fileRef = 5857FF3E1E558DF20093565B /* libsphinxbase.a */; };
		5857FF6F1E5590FB0093565B /* File.swift in Sources */ = {isa = PBXBuildFile; fileRef = 5857FF6E1E5590FB0093565B /* File.swift */; };
		5857FF711E5591AE0093565B /* PocketSphinx.h in CopyFiles */ = {isa = PBXBuildFile; fileRef = 5857FBB31E5221C70093565B /* PocketSphinx.h */; };
		5857FF721E5591B50093565B /* module.modulemap in CopyFiles */ = {isa = PBXBuildFile; fileRef = 5857FF6D1E558EF00093565B /* module.modulemap */; };
		589DB7BF1E4FF06C00418B4F /* InfoPlist.strings in Resources */ = {isa = PBXBuildFile; fileRef = 589DB7C11E4FF06C00418B4F /* InfoPlist.strings */; };
		58E56BEB1E55FB4E00A59E95 /* OpenAL.framework in Frameworks */ = {isa = PBXBuildFile; fileRef = 58E56BEA1E55FB4E00A59E95 /* OpenAL.framework */; };
		58E56BEF1E55FC3500A59E95 /* swift.c in Sources */ = {isa = PBXBuildFile; fileRef = 58E56BED1E55FC3500A59E95 /* swift.c */; };
		58E56BF01E55FC3500A59E95 /* swift.h in Headers */ = {isa = PBXBuildFile; fileRef = 58E56BEE1E55FC3500A59E95 /* swift.h */; };
/* End PBXBuildFile section */

/* Begin PBXContainerItemProxy section */
		582FADBF1E4F888D008DADF2 /* PBXContainerItemProxy */ = {
			isa = PBXContainerItemProxy;
			containerPortal = 582FADA21E4F888D008DADF2 /* Project object */;
			proxyType = 1;
			remoteGlobalIDString = 582FADA91E4F888D008DADF2;
			remoteInfo = CountDown;
		};
		5857FBB61E5221C70093565B /* PBXContainerItemProxy */ = {
			isa = PBXContainerItemProxy;
			containerPortal = 582FADA21E4F888D008DADF2 /* Project object */;
			proxyType = 1;
			remoteGlobalIDString = 5857FBB01E5221C70093565B;
			remoteInfo = PocketSphinx;
		};
/* End PBXContainerItemProxy section */

/* Begin PBXCopyFilesBuildPhase section */
		5857FBBD1E5221C70093565B /* Embed Frameworks */ = {
			isa = PBXCopyFilesBuildPhase;
			buildActionMask = 2147483647;
			dstPath = "";
			dstSubfolderSpec = 10;
			files = (
				5857FBB91E5221C70093565B /* PocketSphinx.framework in Embed Frameworks */,
			);
			name = "Embed Frameworks";
			runOnlyForDeploymentPostprocessing = 0;
		};
		5857FF701E5591950093565B /* CopyFiles */ = {
			isa = PBXCopyFilesBuildPhase;
			buildActionMask = 2147483647;
			dstPath = include/MyLibrary;
			dstSubfolderSpec = 7;
			files = (
				5857FF721E5591B50093565B /* module.modulemap in CopyFiles */,
				5857FF711E5591AE0093565B /* PocketSphinx.h in CopyFiles */,
			);
			runOnlyForDeploymentPostprocessing = 0;
		};
/* End PBXCopyFilesBuildPhase section */

/* Begin PBXFileReference section */
		582FADAA1E4F888D008DADF2 /* CountDown.app */ = {isa = PBXFileReference; explicitFileType = wrapper.application; includeInIndex = 0; path = CountDown.app; sourceTree = BUILT_PRODUCTS_DIR; };
		582FADAD1E4F888D008DADF2 /* AppDelegate.swift */ = {isa = PBXFileReference; lastKnownFileType = sourcecode.swift; path = AppDelegate.swift; sourceTree = "<group>"; };
		582FADAF1E4F888D008DADF2 /* CountDownViewController.swift */ = {isa = PBXFileReference; lastKnownFileType = sourcecode.swift; path = CountDownViewController.swift; sourceTree = "<group>"; };
		582FADB21E4F888D008DADF2 /* Base */ = {isa = PBXFileReference; lastKnownFileType = file.storyboard; name = Base; path = Base.lproj/Main.storyboard; sourceTree = "<group>"; };
		582FADB41E4F888D008DADF2 /* Assets.xcassets */ = {isa = PBXFileReference; lastKnownFileType = folder.assetcatalog; path = Assets.xcassets; sourceTree = "<group>"; };
		582FADB71E4F888D008DADF2 /* Base */ = {isa = PBXFileReference; lastKnownFileType = file.storyboard; name = Base; path = Base.lproj/LaunchScreen.storyboard; sourceTree = "<group>"; };
		582FADB91E4F888D008DADF2 /* Info.plist */ = {isa = PBXFileReference; lastKnownFileType = text.plist.xml; path = Info.plist; sourceTree = "<group>"; };
		582FADBE1E4F888D008DADF2 /* CountDownTests.xctest */ = {isa = PBXFileReference; explicitFileType = wrapper.cfbundle; includeInIndex = 0; path = CountDownTests.xctest; sourceTree = BUILT_PRODUCTS_DIR; };
		582FADC21E4F888D008DADF2 /* CountDownTests.swift */ = {isa = PBXFileReference; lastKnownFileType = sourcecode.swift; path = CountDownTests.swift; sourceTree = "<group>"; };
		582FADC41E4F888D008DADF2 /* Info.plist */ = {isa = PBXFileReference; lastKnownFileType = text.plist.xml; path = Info.plist; sourceTree = "<group>"; };
		582FADCD1E4F92E8008DADF2 /* CountDownTimeLabel.swift */ = {isa = PBXFileReference; fileEncoding = 4; lastKnownFileType = sourcecode.swift; path = CountDownTimeLabel.swift; sourceTree = "<group>"; };
		582FADD01E4F9BA4008DADF2 /* AudioToolbox.framework */ = {isa = PBXFileReference; lastKnownFileType = wrapper.framework; name = AudioToolbox.framework; path = System/Library/Frameworks/AudioToolbox.framework; sourceTree = SDKROOT; };
		582FADD21E4FA813008DADF2 /* BackgroundView.swift */ = {isa = PBXFileReference; fileEncoding = 4; lastKnownFileType = sourcecode.swift; path = BackgroundView.swift; sourceTree = "<group>"; };
		582FADD41E4FC8C5008DADF2 /* TimeIntervalExtensions.swift */ = {isa = PBXFileReference; fileEncoding = 4; lastKnownFileType = sourcecode.swift; path = TimeIntervalExtensions.swift; sourceTree = "<group>"; };
		582FADD61E4FD0BD008DADF2 /* Testing.swift */ = {isa = PBXFileReference; fileEncoding = 4; lastKnownFileType = sourcecode.swift; path = Testing.swift; sourceTree = "<group>"; };
		582FADD81E4FDF32008DADF2 /* NSLayoutConstraintExtensions.swift */ = {isa = PBXFileReference; fileEncoding = 4; lastKnownFileType = sourcecode.swift; path = NSLayoutConstraintExtensions.swift; sourceTree = "<group>"; };
		5857FBA61E51AC160093565B /* SettingsViewController.swift */ = {isa = PBXFileReference; fileEncoding = 4; lastKnownFileType = sourcecode.swift; path = SettingsViewController.swift; sourceTree = "<group>"; };
		5857FBA71E51AC160093565B /* Sounds.swift */ = {isa = PBXFileReference; fileEncoding = 4; lastKnownFileType = sourcecode.swift; path = Sounds.swift; sourceTree = "<group>"; };
		5857FBAA1E51AC310093565B /* VibrateSettingsCell.swift */ = {isa = PBXFileReference; fileEncoding = 4; lastKnownFileType = sourcecode.swift; path = VibrateSettingsCell.swift; sourceTree = "<group>"; };
		5857FBB11E5221C70093565B /* PocketSphinx.framework */ = {isa = PBXFileReference; explicitFileType = wrapper.framework; includeInIndex = 0; path = PocketSphinx.framework; sourceTree = BUILT_PRODUCTS_DIR; };
		5857FBB31E5221C70093565B /* PocketSphinx.h */ = {isa = PBXFileReference; lastKnownFileType = sourcecode.c.h; path = PocketSphinx.h; sourceTree = "<group>"; };
		5857FBB41E5221C70093565B /* Info.plist */ = {isa = PBXFileReference; lastKnownFileType = text.plist.xml; path = Info.plist; sourceTree = "<group>"; };
		5857FF0F1E558DF20093565B /* cmdln_macro.h */ = {isa = PBXFileReference; fileEncoding = 4; lastKnownFileType = sourcecode.c.h; path = cmdln_macro.h; sourceTree = "<group>"; };
		5857FF101E558DF20093565B /* pocketsphinx.h */ = {isa = PBXFileReference; fileEncoding = 4; lastKnownFileType = sourcecode.c.h; path = pocketsphinx.h; sourceTree = "<group>"; };
		5857FF111E558DF20093565B /* pocketsphinx_export.h */ = {isa = PBXFileReference; fileEncoding = 4; lastKnownFileType = sourcecode.c.h; path = pocketsphinx_export.h; sourceTree = "<group>"; };
		5857FF121E558DF20093565B /* ps_lattice.h */ = {isa = PBXFileReference; fileEncoding = 4; lastKnownFileType = sourcecode.c.h; path = ps_lattice.h; sourceTree = "<group>"; };
		5857FF131E558DF20093565B /* ps_mllr.h */ = {isa = PBXFileReference; fileEncoding = 4; lastKnownFileType = sourcecode.c.h; path = ps_mllr.h; sourceTree = "<group>"; };
		5857FF141E558DF20093565B /* ps_search.h */ = {isa = PBXFileReference; fileEncoding = 4; lastKnownFileType = sourcecode.c.h; path = ps_search.h; sourceTree = "<group>"; };
		5857FF161E558DF20093565B /* ad.h */ = {isa = PBXFileReference; fileEncoding = 4; lastKnownFileType = sourcecode.c.h; path = ad.h; sourceTree = "<group>"; };
		5857FF171E558DF20093565B /* agc.h */ = {isa = PBXFileReference; fileEncoding = 4; lastKnownFileType = sourcecode.c.h; path = agc.h; sourceTree = "<group>"; };
		5857FF181E558DF20093565B /* bio.h */ = {isa = PBXFileReference; fileEncoding = 4; lastKnownFileType = sourcecode.c.h; path = bio.h; sourceTree = "<group>"; };
		5857FF191E558DF20093565B /* bitarr.h */ = {isa = PBXFileReference; fileEncoding = 4; lastKnownFileType = sourcecode.c.h; path = bitarr.h; sourceTree = "<group>"; };
		5857FF1A1E558DF20093565B /* bitvec.h */ = {isa = PBXFileReference; fileEncoding = 4; lastKnownFileType = sourcecode.c.h; path = bitvec.h; sourceTree = "<group>"; };
		5857FF1B1E558DF20093565B /* byteorder.h */ = {isa = PBXFileReference; fileEncoding = 4; lastKnownFileType = sourcecode.c.h; path = byteorder.h; sourceTree = "<group>"; };
		5857FF1C1E558DF20093565B /* case.h */ = {isa = PBXFileReference; fileEncoding = 4; lastKnownFileType = sourcecode.c.h; path = case.h; sourceTree = "<group>"; };
		5857FF1D1E558DF20093565B /* ckd_alloc.h */ = {isa = PBXFileReference; fileEncoding = 4; lastKnownFileType = sourcecode.c.h; path = ckd_alloc.h; sourceTree = "<group>"; };
		5857FF1E1E558DF20093565B /* clapack_lite.h */ = {isa = PBXFileReference; fileEncoding = 4; lastKnownFileType = sourcecode.c.h; path = clapack_lite.h; sourceTree = "<group>"; };
		5857FF1F1E558DF20093565B /* cmd_ln.h */ = {isa = PBXFileReference; fileEncoding = 4; lastKnownFileType = sourcecode.c.h; path = cmd_ln.h; sourceTree = "<group>"; };
		5857FF201E558DF20093565B /* cmn.h */ = {isa = PBXFileReference; fileEncoding = 4; lastKnownFileType = sourcecode.c.h; path = cmn.h; sourceTree = "<group>"; };
		5857FF211E558DF20093565B /* err.h */ = {isa = PBXFileReference; fileEncoding = 4; lastKnownFileType = sourcecode.c.h; path = err.h; sourceTree = "<group>"; };
		5857FF221E558DF20093565B /* f2c.h */ = {isa = PBXFileReference; fileEncoding = 4; lastKnownFileType = sourcecode.c.h; path = f2c.h; sourceTree = "<group>"; };
		5857FF231E558DF20093565B /* fe.h */ = {isa = PBXFileReference; fileEncoding = 4; lastKnownFileType = sourcecode.c.h; path = fe.h; sourceTree = "<group>"; };
		5857FF241E558DF20093565B /* feat.h */ = {isa = PBXFileReference; fileEncoding = 4; lastKnownFileType = sourcecode.c.h; path = feat.h; sourceTree = "<group>"; };
		5857FF251E558DF20093565B /* filename.h */ = {isa = PBXFileReference; fileEncoding = 4; lastKnownFileType = sourcecode.c.h; path = filename.h; sourceTree = "<group>"; };
		5857FF261E558DF20093565B /* fixpoint.h */ = {isa = PBXFileReference; fileEncoding = 4; lastKnownFileType = sourcecode.c.h; path = fixpoint.h; sourceTree = "<group>"; };
		5857FF271E558DF20093565B /* fsg_model.h */ = {isa = PBXFileReference; fileEncoding = 4; lastKnownFileType = sourcecode.c.h; path = fsg_model.h; sourceTree = "<group>"; };
		5857FF281E558DF20093565B /* genrand.h */ = {isa = PBXFileReference; fileEncoding = 4; lastKnownFileType = sourcecode.c.h; path = genrand.h; sourceTree = "<group>"; };
		5857FF291E558DF20093565B /* glist.h */ = {isa = PBXFileReference; fileEncoding = 4; lastKnownFileType = sourcecode.c.h; path = glist.h; sourceTree = "<group>"; };
		5857FF2A1E558DF20093565B /* hash_table.h */ = {isa = PBXFileReference; fileEncoding = 4; lastKnownFileType = sourcecode.c.h; path = hash_table.h; sourceTree = "<group>"; };
		5857FF2B1E558DF20093565B /* heap.h */ = {isa = PBXFileReference; fileEncoding = 4; lastKnownFileType = sourcecode.c.h; path = heap.h; sourceTree = "<group>"; };
		5857FF2C1E558DF20093565B /* jsgf.h */ = {isa = PBXFileReference; fileEncoding = 4; lastKnownFileType = sourcecode.c.h; path = jsgf.h; sourceTree = "<group>"; };
		5857FF2D1E558DF20093565B /* listelem_alloc.h */ = {isa = PBXFileReference; fileEncoding = 4; lastKnownFileType = sourcecode.c.h; path = listelem_alloc.h; sourceTree = "<group>"; };
		5857FF2E1E558DF20093565B /* logmath.h */ = {isa = PBXFileReference; fileEncoding = 4; lastKnownFileType = sourcecode.c.h; path = logmath.h; sourceTree = "<group>"; };
		5857FF2F1E558DF20093565B /* matrix.h */ = {isa = PBXFileReference; fileEncoding = 4; lastKnownFileType = sourcecode.c.h; path = matrix.h; sourceTree = "<group>"; };
		5857FF301E558DF20093565B /* mmio.h */ = {isa = PBXFileReference; fileEncoding = 4; lastKnownFileType = sourcecode.c.h; path = mmio.h; sourceTree = "<group>"; };
		5857FF311E558DF20093565B /* ngram_model.h */ = {isa = PBXFileReference; fileEncoding = 4; lastKnownFileType = sourcecode.c.h; path = ngram_model.h; sourceTree = "<group>"; };
		5857FF321E558DF20093565B /* pio.h */ = {isa = PBXFileReference; fileEncoding = 4; lastKnownFileType = sourcecode.c.h; path = pio.h; sourceTree = "<group>"; };
		5857FF331E558DF20093565B /* prim_type.h */ = {isa = PBXFileReference; fileEncoding = 4; lastKnownFileType = sourcecode.c.h; path = prim_type.h; sourceTree = "<group>"; };
		5857FF341E558DF20093565B /* priority_queue.h */ = {isa = PBXFileReference; fileEncoding = 4; lastKnownFileType = sourcecode.c.h; path = priority_queue.h; sourceTree = "<group>"; };
		5857FF351E558DF20093565B /* profile.h */ = {isa = PBXFileReference; fileEncoding = 4; lastKnownFileType = sourcecode.c.h; path = profile.h; sourceTree = "<group>"; };
		5857FF361E558DF20093565B /* sbthread.h */ = {isa = PBXFileReference; fileEncoding = 4; lastKnownFileType = sourcecode.c.h; path = sbthread.h; sourceTree = "<group>"; };
		5857FF371E558DF20093565B /* sphinx_config.h */ = {isa = PBXFileReference; fileEncoding = 4; lastKnownFileType = sourcecode.c.h; path = sphinx_config.h; sourceTree = "<group>"; };
		5857FF381E558DF20093565B /* sphinxbase_export.h */ = {isa = PBXFileReference; fileEncoding = 4; lastKnownFileType = sourcecode.c.h; path = sphinxbase_export.h; sourceTree = "<group>"; };
		5857FF391E558DF20093565B /* strfuncs.h */ = {isa = PBXFileReference; fileEncoding = 4; lastKnownFileType = sourcecode.c.h; path = strfuncs.h; sourceTree = "<group>"; };
		5857FF3A1E558DF20093565B /* yin.h */ = {isa = PBXFileReference; fileEncoding = 4; lastKnownFileType = sourcecode.c.h; path = yin.h; sourceTree = "<group>"; };
		5857FF3C1E558DF20093565B /* libpocketsphinx.a */ = {isa = PBXFileReference; lastKnownFileType = archive.ar; path = libpocketsphinx.a; sourceTree = "<group>"; };
		5857FF3D1E558DF20093565B /* libsphinxad.a */ = {isa = PBXFileReference; lastKnownFileType = archive.ar; path = libsphinxad.a; sourceTree = "<group>"; };
		5857FF3E1E558DF20093565B /* libsphinxbase.a */ = {isa = PBXFileReference; lastKnownFileType = archive.ar; path = libsphinxbase.a; sourceTree = "<group>"; };
		5857FF6D1E558EF00093565B /* module.modulemap */ = {isa = PBXFileReference; fileEncoding = 4; lastKnownFileType = "sourcecode.module-map"; path = module.modulemap; sourceTree = "<group>"; };
		5857FF6E1E5590FB0093565B /* File.swift */ = {isa = PBXFileReference; fileEncoding = 4; lastKnownFileType = sourcecode.swift; path = File.swift; sourceTree = "<group>"; };
		5857FF731E5592040093565B /* module.modulemap */ = {isa = PBXFileReference; fileEncoding = 4; lastKnownFileType = "sourcecode.module-map"; path = module.modulemap; sourceTree = "<group>"; };
		589DB7C01E4FF06C00418B4F /* en */ = {isa = PBXFileReference; lastKnownFileType = text.plist.strings; name = en; path = en.lproj/InfoPlist.strings; sourceTree = "<group>"; };
		589DB7C21E4FF0E200418B4F /* ru */ = {isa = PBXFileReference; lastKnownFileType = text.plist.strings; name = ru; path = ru.lproj/InfoPlist.strings; sourceTree = "<group>"; };
		589DB7C41E4FF12200418B4F /* en */ = {isa = PBXFileReference; lastKnownFileType = text.plist.strings; name = en; path = en.lproj/Main.strings; sourceTree = "<group>"; };
		589DB7C61E4FF12800418B4F /* ru */ = {isa = PBXFileReference; lastKnownFileType = text.plist.strings; name = ru; path = ru.lproj/Main.strings; sourceTree = "<group>"; };
		58E56BEA1E55FB4E00A59E95 /* OpenAL.framework */ = {isa = PBXFileReference; lastKnownFileType = wrapper.framework; name = OpenAL.framework; path = System/Library/Frameworks/OpenAL.framework; sourceTree = SDKROOT; };
		58E56BED1E55FC3500A59E95 /* swift.c */ = {isa = PBXFileReference; fileEncoding = 4; lastKnownFileType = sourcecode.c.c; path = swift.c; sourceTree = "<group>"; };
		58E56BEE1E55FC3500A59E95 /* swift.h */ = {isa = PBXFileReference; fileEncoding = 4; lastKnownFileType = sourcecode.c.h; path = swift.h; sourceTree = "<group>"; };
/* End PBXFileReference section */

/* Begin PBXFrameworksBuildPhase section */
		582FADA71E4F888D008DADF2 /* Frameworks */ = {
			isa = PBXFrameworksBuildPhase;
			buildActionMask = 2147483647;
			files = (
				5857FBB81E5221C70093565B /* PocketSphinx.framework in Frameworks */,
				582FADD11E4F9BA4008DADF2 /* AudioToolbox.framework in Frameworks */,
			);
			runOnlyForDeploymentPostprocessing = 0;
		};
		582FADBB1E4F888D008DADF2 /* Frameworks */ = {
			isa = PBXFrameworksBuildPhase;
			buildActionMask = 2147483647;
			files = (
			);
			runOnlyForDeploymentPostprocessing = 0;
		};
		5857FBAD1E5221C70093565B /* Frameworks */ = {
			isa = PBXFrameworksBuildPhase;
			buildActionMask = 2147483647;
			files = (
				58E56BEB1E55FB4E00A59E95 /* OpenAL.framework in Frameworks */,
				5857FF6B1E558DF20093565B /* libsphinxad.a in Frameworks */,
				5857FF6C1E558DF20093565B /* libsphinxbase.a in Frameworks */,
				5857FF6A1E558DF20093565B /* libpocketsphinx.a in Frameworks */,
			);
			runOnlyForDeploymentPostprocessing = 0;
		};
/* End PBXFrameworksBuildPhase section */

/* Begin PBXGroup section */
		582FADA11E4F888D008DADF2 = {
			isa = PBXGroup;
			children = (
				582FADAC1E4F888D008DADF2 /* CountDown */,
				582FADC11E4F888D008DADF2 /* CountDownTests */,
				5857FBB21E5221C70093565B /* PocketSphinx */,
				582FADAB1E4F888D008DADF2 /* Products */,
				582FADCF1E4F9BA4008DADF2 /* Frameworks */,
			);
			sourceTree = "<group>";
		};
		582FADAB1E4F888D008DADF2 /* Products */ = {
			isa = PBXGroup;
			children = (
				582FADAA1E4F888D008DADF2 /* CountDown.app */,
				582FADBE1E4F888D008DADF2 /* CountDownTests.xctest */,
				5857FBB11E5221C70093565B /* PocketSphinx.framework */,
			);
			name = Products;
			sourceTree = "<group>";
		};
		582FADAC1E4F888D008DADF2 /* CountDown */ = {
			isa = PBXGroup;
			children = (
				5857FBA51E51AC160093565B /* Settings */,
				582FADAD1E4F888D008DADF2 /* AppDelegate.swift */,
				582FADAF1E4F888D008DADF2 /* CountDownViewController.swift */,
				582FADB11E4F888D008DADF2 /* Main.storyboard */,
				582FADB41E4F888D008DADF2 /* Assets.xcassets */,
				582FADB61E4F888D008DADF2 /* LaunchScreen.storyboard */,
				582FADB91E4F888D008DADF2 /* Info.plist */,
				582FADCD1E4F92E8008DADF2 /* CountDownTimeLabel.swift */,
				582FADD21E4FA813008DADF2 /* BackgroundView.swift */,
				582FADD41E4FC8C5008DADF2 /* TimeIntervalExtensions.swift */,
				582FADD61E4FD0BD008DADF2 /* Testing.swift */,
				582FADD81E4FDF32008DADF2 /* NSLayoutConstraintExtensions.swift */,
				589DB7C11E4FF06C00418B4F /* InfoPlist.strings */,
			);
			path = CountDown;
			sourceTree = "<group>";
		};
		582FADC11E4F888D008DADF2 /* CountDownTests */ = {
			isa = PBXGroup;
			children = (
				582FADC21E4F888D008DADF2 /* CountDownTests.swift */,
				582FADC41E4F888D008DADF2 /* Info.plist */,
			);
			path = CountDownTests;
			sourceTree = "<group>";
		};
		582FADCF1E4F9BA4008DADF2 /* Frameworks */ = {
			isa = PBXGroup;
			children = (
				58E56BEA1E55FB4E00A59E95 /* OpenAL.framework */,
				582FADD01E4F9BA4008DADF2 /* AudioToolbox.framework */,
			);
			name = Frameworks;
			sourceTree = "<group>";
		};
		5857FBA51E51AC160093565B /* Settings */ = {
			isa = PBXGroup;
			children = (
				5857FBA61E51AC160093565B /* SettingsViewController.swift */,
				5857FBA71E51AC160093565B /* Sounds.swift */,
				5857FBAA1E51AC310093565B /* VibrateSettingsCell.swift */,
			);
			path = Settings;
			sourceTree = "<group>";
		};
		5857FBB21E5221C70093565B /* PocketSphinx */ = {
			isa = PBXGroup;
			children = (
				5857FF6D1E558EF00093565B /* module.modulemap */,
				5857FF0B1E558DF20093565B /* pocketsphinx */,
				5857FBB31E5221C70093565B /* PocketSphinx.h */,
				5857FBB41E5221C70093565B /* Info.plist */,
				5857FF6E1E5590FB0093565B /* File.swift */,
			);
			path = PocketSphinx;
			sourceTree = "<group>";
		};
		5857FF0B1E558DF20093565B /* pocketsphinx */ = {
			isa = PBXGroup;
			children = (
				5857FF0C1E558DF20093565B /* include */,
				5857FF3B1E558DF20093565B /* lib */,
			);
			path = pocketsphinx;
			sourceTree = "<group>";
		};
		5857FF0C1E558DF20093565B /* include */ = {
			isa = PBXGroup;
			children = (
				58E56BEC1E55FC1900A59E95 /* swift */,
				5857FF731E5592040093565B /* module.modulemap */,
				5857FF0E1E558DF20093565B /* pocketsphinx */,
				5857FF151E558DF20093565B /* sphinxbase */,
			);
			path = include;
			sourceTree = "<group>";
		};
		5857FF0E1E558DF20093565B /* pocketsphinx */ = {
			isa = PBXGroup;
			children = (
				5857FF0F1E558DF20093565B /* cmdln_macro.h */,
				5857FF101E558DF20093565B /* pocketsphinx.h */,
				5857FF111E558DF20093565B /* pocketsphinx_export.h */,
				5857FF121E558DF20093565B /* ps_lattice.h */,
				5857FF131E558DF20093565B /* ps_mllr.h */,
				5857FF141E558DF20093565B /* ps_search.h */,
			);
			path = pocketsphinx;
			sourceTree = "<group>";
		};
		5857FF151E558DF20093565B /* sphinxbase */ = {
			isa = PBXGroup;
			children = (
				5857FF161E558DF20093565B /* ad.h */,
				5857FF171E558DF20093565B /* agc.h */,
				5857FF181E558DF20093565B /* bio.h */,
				5857FF191E558DF20093565B /* bitarr.h */,
				5857FF1A1E558DF20093565B /* bitvec.h */,
				5857FF1B1E558DF20093565B /* byteorder.h */,
				5857FF1C1E558DF20093565B /* case.h */,
				5857FF1D1E558DF20093565B /* ckd_alloc.h */,
				5857FF1E1E558DF20093565B /* clapack_lite.h */,
				5857FF1F1E558DF20093565B /* cmd_ln.h */,
				5857FF201E558DF20093565B /* cmn.h */,
				5857FF211E558DF20093565B /* err.h */,
				5857FF221E558DF20093565B /* f2c.h */,
				5857FF231E558DF20093565B /* fe.h */,
				5857FF241E558DF20093565B /* feat.h */,
				5857FF251E558DF20093565B /* filename.h */,
				5857FF261E558DF20093565B /* fixpoint.h */,
				5857FF271E558DF20093565B /* fsg_model.h */,
				5857FF281E558DF20093565B /* genrand.h */,
				5857FF291E558DF20093565B /* glist.h */,
				5857FF2A1E558DF20093565B /* hash_table.h */,
				5857FF2B1E558DF20093565B /* heap.h */,
				5857FF2C1E558DF20093565B /* jsgf.h */,
				5857FF2D1E558DF20093565B /* listelem_alloc.h */,
				5857FF2E1E558DF20093565B /* logmath.h */,
				5857FF2F1E558DF20093565B /* matrix.h */,
				5857FF301E558DF20093565B /* mmio.h */,
				5857FF311E558DF20093565B /* ngram_model.h */,
				5857FF321E558DF20093565B /* pio.h */,
				5857FF331E558DF20093565B /* prim_type.h */,
				5857FF341E558DF20093565B /* priority_queue.h */,
				5857FF351E558DF20093565B /* profile.h */,
				5857FF361E558DF20093565B /* sbthread.h */,
				5857FF371E558DF20093565B /* sphinx_config.h */,
				5857FF381E558DF20093565B /* sphinxbase_export.h */,
				5857FF391E558DF20093565B /* strfuncs.h */,
				5857FF3A1E558DF20093565B /* yin.h */,
			);
			path = sphinxbase;
			sourceTree = "<group>";
		};
		5857FF3B1E558DF20093565B /* lib */ = {
			isa = PBXGroup;
			children = (
				5857FF3C1E558DF20093565B /* libpocketsphinx.a */,
				5857FF3D1E558DF20093565B /* libsphinxad.a */,
				5857FF3E1E558DF20093565B /* libsphinxbase.a */,
			);
			path = lib;
			sourceTree = "<group>";
		};
		58E56BEC1E55FC1900A59E95 /* swift */ = {
			isa = PBXGroup;
			children = (
				58E56BED1E55FC3500A59E95 /* swift.c */,
				58E56BEE1E55FC3500A59E95 /* swift.h */,
			);
			path = swift;
			sourceTree = "<group>";
		};
/* End PBXGroup section */

/* Begin PBXHeadersBuildPhase section */
		5857FBAE1E5221C70093565B /* Headers */ = {
			isa = PBXHeadersBuildPhase;
			buildActionMask = 2147483647;
			files = (
				5857FF621E558DF20093565B /* prim_type.h in Headers */,
				5857FF5F1E558DF20093565B /* mmio.h in Headers */,
				5857FF681E558DF20093565B /* strfuncs.h in Headers */,
				5857FF631E558DF20093565B /* priority_queue.h in Headers */,
				5857FF5B1E558DF20093565B /* jsgf.h in Headers */,
				5857FF4D1E558DF20093565B /* clapack_lite.h in Headers */,
				5857FF611E558DF20093565B /* pio.h in Headers */,
				5857FF5C1E558DF20093565B /* listelem_alloc.h in Headers */,
				5857FF5E1E558DF20093565B /* matrix.h in Headers */,
				5857FF591E558DF20093565B /* hash_table.h in Headers */,
				5857FF411E558DF20093565B /* pocketsphinx_export.h in Headers */,
				5857FF691E558DF20093565B /* yin.h in Headers */,
				5857FF511E558DF20093565B /* f2c.h in Headers */,
				5857FF501E558DF20093565B /* err.h in Headers */,
				5857FF571E558DF20093565B /* genrand.h in Headers */,
				5857FF4A1E558DF20093565B /* byteorder.h in Headers */,
				5857FF4F1E558DF20093565B /* cmn.h in Headers */,
				5857FF3F1E558DF20093565B /* cmdln_macro.h in Headers */,
				5857FF5D1E558DF20093565B /* logmath.h in Headers */,
				5857FF5A1E558DF20093565B /* heap.h in Headers */,
				5857FF431E558DF20093565B /* ps_mllr.h in Headers */,
				5857FF4B1E558DF20093565B /* case.h in Headers */,
				5857FF421E558DF20093565B /* ps_lattice.h in Headers */,
				5857FF541E558DF20093565B /* filename.h in Headers */,
				5857FF561E558DF20093565B /* fsg_model.h in Headers */,
				5857FF401E558DF20093565B /* pocketsphinx.h in Headers */,
				5857FF481E558DF20093565B /* bitarr.h in Headers */,
				5857FBB51E5221C70093565B /* PocketSphinx.h in Headers */,
				5857FF641E558DF20093565B /* profile.h in Headers */,
				5857FF461E558DF20093565B /* agc.h in Headers */,
				5857FF441E558DF20093565B /* ps_search.h in Headers */,
				5857FF601E558DF20093565B /* ngram_model.h in Headers */,
				5857FF581E558DF20093565B /* glist.h in Headers */,
				5857FF661E558DF20093565B /* sphinx_config.h in Headers */,
				5857FF521E558DF20093565B /* fe.h in Headers */,
				5857FF551E558DF20093565B /* fixpoint.h in Headers */,
				5857FF4C1E558DF20093565B /* ckd_alloc.h in Headers */,
				5857FF4E1E558DF20093565B /* cmd_ln.h in Headers */,
				58E56BF01E55FC3500A59E95 /* swift.h in Headers */,
				5857FF531E558DF20093565B /* feat.h in Headers */,
				5857FF451E558DF20093565B /* ad.h in Headers */,
				5857FF651E558DF20093565B /* sbthread.h in Headers */,
				5857FF671E558DF20093565B /* sphinxbase_export.h in Headers */,
				5857FF471E558DF20093565B /* bio.h in Headers */,
				5857FF491E558DF20093565B /* bitvec.h in Headers */,
			);
			runOnlyForDeploymentPostprocessing = 0;
		};
/* End PBXHeadersBuildPhase section */

/* Begin PBXNativeTarget section */
		582FADA91E4F888D008DADF2 /* CountDown */ = {
			isa = PBXNativeTarget;
			buildConfigurationList = 582FADC71E4F888D008DADF2 /* Build configuration list for PBXNativeTarget "CountDown" */;
			buildPhases = (
				582FADA61E4F888D008DADF2 /* Sources */,
				582FADA71E4F888D008DADF2 /* Frameworks */,
				582FADA81E4F888D008DADF2 /* Resources */,
				5857FBBD1E5221C70093565B /* Embed Frameworks */,
			);
			buildRules = (
			);
			dependencies = (
				5857FBB71E5221C70093565B /* PBXTargetDependency */,
			);
			name = CountDown;
			productName = CountDown;
			productReference = 582FADAA1E4F888D008DADF2 /* CountDown.app */;
			productType = "com.apple.product-type.application";
		};
		582FADBD1E4F888D008DADF2 /* CountDownTests */ = {
			isa = PBXNativeTarget;
			buildConfigurationList = 582FADCA1E4F888D008DADF2 /* Build configuration list for PBXNativeTarget "CountDownTests" */;
			buildPhases = (
				582FADBA1E4F888D008DADF2 /* Sources */,
				582FADBB1E4F888D008DADF2 /* Frameworks */,
				582FADBC1E4F888D008DADF2 /* Resources */,
			);
			buildRules = (
			);
			dependencies = (
				582FADC01E4F888D008DADF2 /* PBXTargetDependency */,
			);
			name = CountDownTests;
			productName = CountDownTests;
			productReference = 582FADBE1E4F888D008DADF2 /* CountDownTests.xctest */;
			productType = "com.apple.product-type.bundle.unit-test";
		};
		5857FBB01E5221C70093565B /* PocketSphinx */ = {
			isa = PBXNativeTarget;
			buildConfigurationList = 5857FBBA1E5221C70093565B /* Build configuration list for PBXNativeTarget "PocketSphinx" */;
			buildPhases = (
				5857FBAC1E5221C70093565B /* Sources */,
				5857FBAD1E5221C70093565B /* Frameworks */,
				5857FBAE1E5221C70093565B /* Headers */,
				5857FBAF1E5221C70093565B /* Resources */,
				5857FF701E5591950093565B /* CopyFiles */,
			);
			buildRules = (
			);
			dependencies = (
			);
			name = PocketSphinx;
			productName = PocketSphinx;
			productReference = 5857FBB11E5221C70093565B /* PocketSphinx.framework */;
			productType = "com.apple.product-type.framework";
		};
/* End PBXNativeTarget section */

/* Begin PBXProject section */
		582FADA21E4F888D008DADF2 /* Project object */ = {
			isa = PBXProject;
			attributes = {
				LastSwiftUpdateCheck = 0820;
				LastUpgradeCheck = 0820;
				ORGANIZATIONNAME = "Kuragin Dmitriy";
				TargetAttributes = {
					582FADA91E4F888D008DADF2 = {
						CreatedOnToolsVersion = 8.2.1;
						DevelopmentTeam = 44LEJK9728;
						ProvisioningStyle = Automatic;
					};
					582FADBD1E4F888D008DADF2 = {
						CreatedOnToolsVersion = 8.2.1;
						ProvisioningStyle = Automatic;
						TestTargetID = 582FADA91E4F888D008DADF2;
					};
					5857FBB01E5221C70093565B = {
						CreatedOnToolsVersion = 8.2.1;
						DevelopmentTeam = 44LEJK9728;
						LastSwiftMigration = 0820;
						ProvisioningStyle = Automatic;
					};
				};
			};
			buildConfigurationList = 582FADA51E4F888D008DADF2 /* Build configuration list for PBXProject "CountDown" */;
			compatibilityVersion = "Xcode 3.2";
			developmentRegion = English;
			hasScannedForEncodings = 0;
			knownRegions = (
				en,
				Base,
				ru,
			);
			mainGroup = 582FADA11E4F888D008DADF2;
			productRefGroup = 582FADAB1E4F888D008DADF2 /* Products */;
			projectDirPath = "";
			projectRoot = "";
			targets = (
				582FADA91E4F888D008DADF2 /* CountDown */,
				582FADBD1E4F888D008DADF2 /* CountDownTests */,
				5857FBB01E5221C70093565B /* PocketSphinx */,
			);
		};
/* End PBXProject section */

/* Begin PBXResourcesBuildPhase section */
		582FADA81E4F888D008DADF2 /* Resources */ = {
			isa = PBXResourcesBuildPhase;
			buildActionMask = 2147483647;
			files = (
				582FADB81E4F888D008DADF2 /* LaunchScreen.storyboard in Resources */,
				589DB7BF1E4FF06C00418B4F /* InfoPlist.strings in Resources */,
				582FADB51E4F888D008DADF2 /* Assets.xcassets in Resources */,
				582FADB31E4F888D008DADF2 /* Main.storyboard in Resources */,
			);
			runOnlyForDeploymentPostprocessing = 0;
		};
		582FADBC1E4F888D008DADF2 /* Resources */ = {
			isa = PBXResourcesBuildPhase;
			buildActionMask = 2147483647;
			files = (
			);
			runOnlyForDeploymentPostprocessing = 0;
		};
		5857FBAF1E5221C70093565B /* Resources */ = {
			isa = PBXResourcesBuildPhase;
			buildActionMask = 2147483647;
			files = (
			);
			runOnlyForDeploymentPostprocessing = 0;
		};
/* End PBXResourcesBuildPhase section */

/* Begin PBXSourcesBuildPhase section */
		582FADA61E4F888D008DADF2 /* Sources */ = {
			isa = PBXSourcesBuildPhase;
			buildActionMask = 2147483647;
			files = (
				5857FBAB1E51AC310093565B /* VibrateSettingsCell.swift in Sources */,
				582FADD71E4FD0BD008DADF2 /* Testing.swift in Sources */,
				582FADCE1E4F92E8008DADF2 /* CountDownTimeLabel.swift in Sources */,
				582FADB01E4F888D008DADF2 /* CountDownViewController.swift in Sources */,
				582FADD51E4FC8C5008DADF2 /* TimeIntervalExtensions.swift in Sources */,
				582FADD31E4FA813008DADF2 /* BackgroundView.swift in Sources */,
				582FADAE1E4F888D008DADF2 /* AppDelegate.swift in Sources */,
				5857FBA91E51AC160093565B /* Sounds.swift in Sources */,
				582FADD91E4FDF32008DADF2 /* NSLayoutConstraintExtensions.swift in Sources */,
				5857FBA81E51AC160093565B /* SettingsViewController.swift in Sources */,
			);
			runOnlyForDeploymentPostprocessing = 0;
		};
		582FADBA1E4F888D008DADF2 /* Sources */ = {
			isa = PBXSourcesBuildPhase;
			buildActionMask = 2147483647;
			files = (
				582FADC31E4F888D008DADF2 /* CountDownTests.swift in Sources */,
			);
			runOnlyForDeploymentPostprocessing = 0;
		};
		5857FBAC1E5221C70093565B /* Sources */ = {
			isa = PBXSourcesBuildPhase;
			buildActionMask = 2147483647;
			files = (
				5857FF6F1E5590FB0093565B /* File.swift in Sources */,
				58E56BEF1E55FC3500A59E95 /* swift.c in Sources */,
			);
			runOnlyForDeploymentPostprocessing = 0;
		};
/* End PBXSourcesBuildPhase section */

/* Begin PBXTargetDependency section */
		582FADC01E4F888D008DADF2 /* PBXTargetDependency */ = {
			isa = PBXTargetDependency;
			target = 582FADA91E4F888D008DADF2 /* CountDown */;
			targetProxy = 582FADBF1E4F888D008DADF2 /* PBXContainerItemProxy */;
		};
		5857FBB71E5221C70093565B /* PBXTargetDependency */ = {
			isa = PBXTargetDependency;
			target = 5857FBB01E5221C70093565B /* PocketSphinx */;
			targetProxy = 5857FBB61E5221C70093565B /* PBXContainerItemProxy */;
		};
/* End PBXTargetDependency section */

/* Begin PBXVariantGroup section */
		582FADB11E4F888D008DADF2 /* Main.storyboard */ = {
			isa = PBXVariantGroup;
			children = (
				582FADB21E4F888D008DADF2 /* Base */,
				589DB7C41E4FF12200418B4F /* en */,
				589DB7C61E4FF12800418B4F /* ru */,
			);
			name = Main.storyboard;
			sourceTree = "<group>";
		};
		582FADB61E4F888D008DADF2 /* LaunchScreen.storyboard */ = {
			isa = PBXVariantGroup;
			children = (
				582FADB71E4F888D008DADF2 /* Base */,
			);
			name = LaunchScreen.storyboard;
			sourceTree = "<group>";
		};
		589DB7C11E4FF06C00418B4F /* InfoPlist.strings */ = {
			isa = PBXVariantGroup;
			children = (
				589DB7C01E4FF06C00418B4F /* en */,
				589DB7C21E4FF0E200418B4F /* ru */,
			);
			name = InfoPlist.strings;
			sourceTree = "<group>";
		};
/* End PBXVariantGroup section */

/* Begin XCBuildConfiguration section */
		582FADC51E4F888D008DADF2 /* Debug */ = {
			isa = XCBuildConfiguration;
			buildSettings = {
				ALWAYS_SEARCH_USER_PATHS = NO;
				CLANG_ANALYZER_LOCALIZABILITY_NONLOCALIZED = YES;
				CLANG_ANALYZER_NONNULL = YES;
				CLANG_CXX_LANGUAGE_STANDARD = "gnu++0x";
				CLANG_CXX_LIBRARY = "libc++";
				CLANG_ENABLE_MODULES = YES;
				CLANG_ENABLE_OBJC_ARC = YES;
				CLANG_WARN_BOOL_CONVERSION = YES;
				CLANG_WARN_CONSTANT_CONVERSION = YES;
				CLANG_WARN_DIRECT_OBJC_ISA_USAGE = YES_ERROR;
				CLANG_WARN_DOCUMENTATION_COMMENTS = YES;
				CLANG_WARN_EMPTY_BODY = YES;
				CLANG_WARN_ENUM_CONVERSION = YES;
				CLANG_WARN_INFINITE_RECURSION = YES;
				CLANG_WARN_INT_CONVERSION = YES;
				CLANG_WARN_OBJC_ROOT_CLASS = YES_ERROR;
				CLANG_WARN_SUSPICIOUS_MOVE = YES;
				CLANG_WARN_UNREACHABLE_CODE = YES;
				CLANG_WARN__DUPLICATE_METHOD_MATCH = YES;
				"CODE_SIGN_IDENTITY[sdk=iphoneos*]" = "iPhone Developer";
				COPY_PHASE_STRIP = NO;
				DEBUG_INFORMATION_FORMAT = dwarf;
				ENABLE_STRICT_OBJC_MSGSEND = YES;
				ENABLE_TESTABILITY = YES;
				GCC_C_LANGUAGE_STANDARD = gnu99;
				GCC_DYNAMIC_NO_PIC = NO;
				GCC_NO_COMMON_BLOCKS = YES;
				GCC_OPTIMIZATION_LEVEL = 0;
				GCC_PREPROCESSOR_DEFINITIONS = (
					"DEBUG=1",
					"$(inherited)",
				);
				GCC_WARN_64_TO_32_BIT_CONVERSION = YES;
				GCC_WARN_ABOUT_RETURN_TYPE = YES_ERROR;
				GCC_WARN_UNDECLARED_SELECTOR = YES;
				GCC_WARN_UNINITIALIZED_AUTOS = YES_AGGRESSIVE;
				GCC_WARN_UNUSED_FUNCTION = YES;
				GCC_WARN_UNUSED_VARIABLE = YES;
				IPHONEOS_DEPLOYMENT_TARGET = 10.2;
				MTL_ENABLE_DEBUG_INFO = YES;
				ONLY_ACTIVE_ARCH = YES;
				SDKROOT = iphoneos;
				SWIFT_ACTIVE_COMPILATION_CONDITIONS = DEBUG;
				SWIFT_OPTIMIZATION_LEVEL = "-Onone";
			};
			name = Debug;
		};
		582FADC61E4F888D008DADF2 /* Release */ = {
			isa = XCBuildConfiguration;
			buildSettings = {
				ALWAYS_SEARCH_USER_PATHS = NO;
				CLANG_ANALYZER_LOCALIZABILITY_NONLOCALIZED = YES;
				CLANG_ANALYZER_NONNULL = YES;
				CLANG_CXX_LANGUAGE_STANDARD = "gnu++0x";
				CLANG_CXX_LIBRARY = "libc++";
				CLANG_ENABLE_MODULES = YES;
				CLANG_ENABLE_OBJC_ARC = YES;
				CLANG_WARN_BOOL_CONVERSION = YES;
				CLANG_WARN_CONSTANT_CONVERSION = YES;
				CLANG_WARN_DIRECT_OBJC_ISA_USAGE = YES_ERROR;
				CLANG_WARN_DOCUMENTATION_COMMENTS = YES;
				CLANG_WARN_EMPTY_BODY = YES;
				CLANG_WARN_ENUM_CONVERSION = YES;
				CLANG_WARN_INFINITE_RECURSION = YES;
				CLANG_WARN_INT_CONVERSION = YES;
				CLANG_WARN_OBJC_ROOT_CLASS = YES_ERROR;
				CLANG_WARN_SUSPICIOUS_MOVE = YES;
				CLANG_WARN_UNREACHABLE_CODE = YES;
				CLANG_WARN__DUPLICATE_METHOD_MATCH = YES;
				"CODE_SIGN_IDENTITY[sdk=iphoneos*]" = "iPhone Developer";
				COPY_PHASE_STRIP = NO;
				DEBUG_INFORMATION_FORMAT = "dwarf-with-dsym";
				ENABLE_NS_ASSERTIONS = NO;
				ENABLE_STRICT_OBJC_MSGSEND = YES;
				GCC_C_LANGUAGE_STANDARD = gnu99;
				GCC_NO_COMMON_BLOCKS = YES;
				GCC_WARN_64_TO_32_BIT_CONVERSION = YES;
				GCC_WARN_ABOUT_RETURN_TYPE = YES_ERROR;
				GCC_WARN_UNDECLARED_SELECTOR = YES;
				GCC_WARN_UNINITIALIZED_AUTOS = YES_AGGRESSIVE;
				GCC_WARN_UNUSED_FUNCTION = YES;
				GCC_WARN_UNUSED_VARIABLE = YES;
				IPHONEOS_DEPLOYMENT_TARGET = 10.2;
				MTL_ENABLE_DEBUG_INFO = NO;
				SDKROOT = iphoneos;
				SWIFT_OPTIMIZATION_LEVEL = "-Owholemodule";
				VALIDATE_PRODUCT = YES;
			};
			name = Release;
		};
		582FADC81E4F888D008DADF2 /* Debug */ = {
			isa = XCBuildConfiguration;
			buildSettings = {
				ALWAYS_EMBED_SWIFT_STANDARD_LIBRARIES = YES;
				ASSETCATALOG_COMPILER_APPICON_NAME = AppIcon;
				DEVELOPMENT_TEAM = 44LEJK9728;
				INFOPLIST_FILE = CountDown/Info.plist;
				IPHONEOS_DEPLOYMENT_TARGET = 8.0;
				LD_RUNPATH_SEARCH_PATHS = "$(inherited) @executable_path/Frameworks";
				PRODUCT_BUNDLE_IDENTIFIER = com.api.ai.CountDown;
				PRODUCT_NAME = "$(TARGET_NAME)";
				SWIFT_VERSION = 3.0;
			};
			name = Debug;
		};
		582FADC91E4F888D008DADF2 /* Release */ = {
			isa = XCBuildConfiguration;
			buildSettings = {
				ALWAYS_EMBED_SWIFT_STANDARD_LIBRARIES = YES;
				ASSETCATALOG_COMPILER_APPICON_NAME = AppIcon;
				DEVELOPMENT_TEAM = 44LEJK9728;
				INFOPLIST_FILE = CountDown/Info.plist;
				IPHONEOS_DEPLOYMENT_TARGET = 8.0;
				LD_RUNPATH_SEARCH_PATHS = "$(inherited) @executable_path/Frameworks";
				PRODUCT_BUNDLE_IDENTIFIER = com.api.ai.CountDown;
				PRODUCT_NAME = "$(TARGET_NAME)";
				SWIFT_VERSION = 3.0;
			};
			name = Release;
		};
		582FADCB1E4F888D008DADF2 /* Debug */ = {
			isa = XCBuildConfiguration;
			buildSettings = {
				ALWAYS_EMBED_SWIFT_STANDARD_LIBRARIES = YES;
				BUNDLE_LOADER = "$(TEST_HOST)";
				INFOPLIST_FILE = CountDownTests/Info.plist;
				LD_RUNPATH_SEARCH_PATHS = "$(inherited) @executable_path/Frameworks @loader_path/Frameworks";
				PRODUCT_BUNDLE_IDENTIFIER = com.api.ai.CountDownTests;
				PRODUCT_NAME = "$(TARGET_NAME)";
				SWIFT_VERSION = 3.0;
				TEST_HOST = "$(BUILT_PRODUCTS_DIR)/CountDown.app/CountDown";
			};
			name = Debug;
		};
		582FADCC1E4F888D008DADF2 /* Release */ = {
			isa = XCBuildConfiguration;
			buildSettings = {
				ALWAYS_EMBED_SWIFT_STANDARD_LIBRARIES = YES;
				BUNDLE_LOADER = "$(TEST_HOST)";
				INFOPLIST_FILE = CountDownTests/Info.plist;
				LD_RUNPATH_SEARCH_PATHS = "$(inherited) @executable_path/Frameworks @loader_path/Frameworks";
				PRODUCT_BUNDLE_IDENTIFIER = com.api.ai.CountDownTests;
				PRODUCT_NAME = "$(TARGET_NAME)";
				SWIFT_VERSION = 3.0;
				TEST_HOST = "$(BUILT_PRODUCTS_DIR)/CountDown.app/CountDown";
			};
			name = Release;
		};
		5857FBBB1E5221C70093565B /* Debug */ = {
			isa = XCBuildConfiguration;
			buildSettings = {
				CLANG_ENABLE_MODULES = YES;
				CODE_SIGN_IDENTITY = "";
				CURRENT_PROJECT_VERSION = 1;
				DEFINES_MODULE = YES;
				DEVELOPMENT_TEAM = 44LEJK9728;
				DYLIB_COMPATIBILITY_VERSION = 1;
				DYLIB_CURRENT_VERSION = 1;
				DYLIB_INSTALL_NAME_BASE = "@rpath";
				HEADER_SEARCH_PATHS = "$(SRCROOT)/PocketSphinx/pocketsphinx/include/**";
				INFOPLIST_FILE = PocketSphinx/Info.plist;
				INSTALL_PATH = "$(LOCAL_LIBRARY_DIR)/Frameworks";
				IPHONEOS_DEPLOYMENT_TARGET = 8.0;
				LD_RUNPATH_SEARCH_PATHS = "$(inherited) @executable_path/Frameworks @loader_path/Frameworks";
				LIBRARY_SEARCH_PATHS = (
					"$(inherited)",
					"$(SRCROOT)/PocketSphinx/pocketsphinx/lib",
					"$(PROJECT_DIR)/PocketSphinx/pocketsphinx/lib",
				);
				MODULEMAP_FILE = PocketSphinx/module.modulemap;
				OTHER_LDFLAGS = "-all_load";
				PRODUCT_BUNDLE_IDENTIFIER = com.api.ai.PocketSphinx;
				PRODUCT_NAME = "$(TARGET_NAME)";
				SKIP_INSTALL = YES;
				SWIFT_INCLUDE_PATHS = "$(SRCROOT)/PocketSphinx/pocketsphinx/include/**";
				SWIFT_OPTIMIZATION_LEVEL = "-Onone";
				SWIFT_VERSION = 3.0;
				TARGETED_DEVICE_FAMILY = "1,2";
				VERSIONING_SYSTEM = "apple-generic";
				VERSION_INFO_PREFIX = "";
			};
			name = Debug;
		};
		5857FBBC1E5221C70093565B /* Release */ = {
			isa = XCBuildConfiguration;
			buildSettings = {
				CLANG_ENABLE_MODULES = YES;
				CODE_SIGN_IDENTITY = "";
				CURRENT_PROJECT_VERSION = 1;
				DEFINES_MODULE = YES;
				DEVELOPMENT_TEAM = 44LEJK9728;
				DYLIB_COMPATIBILITY_VERSION = 1;
				DYLIB_CURRENT_VERSION = 1;
				DYLIB_INSTALL_NAME_BASE = "@rpath";
				HEADER_SEARCH_PATHS = "$(SRCROOT)/PocketSphinx/pocketsphinx/include/**";
				INFOPLIST_FILE = PocketSphinx/Info.plist;
				INSTALL_PATH = "$(LOCAL_LIBRARY_DIR)/Frameworks";
				IPHONEOS_DEPLOYMENT_TARGET = 8.0;
				LD_RUNPATH_SEARCH_PATHS = "$(inherited) @executable_path/Frameworks @loader_path/Frameworks";
				LIBRARY_SEARCH_PATHS = (
					"$(inherited)",
					"$(SRCROOT)/PocketSphinx/pocketsphinx/lib",
					"$(PROJECT_DIR)/PocketSphinx/pocketsphinx/lib",
				);
				MODULEMAP_FILE = PocketSphinx/module.modulemap;
				OTHER_LDFLAGS = "-all_load";
				PRODUCT_BUNDLE_IDENTIFIER = com.api.ai.PocketSphinx;
				PRODUCT_NAME = "$(TARGET_NAME)";
				SKIP_INSTALL = YES;
				SWIFT_INCLUDE_PATHS = "$(SRCROOT)/PocketSphinx/pocketsphinx/include/**";
				SWIFT_VERSION = 3.0;
				TARGETED_DEVICE_FAMILY = "1,2";
				VERSIONING_SYSTEM = "apple-generic";
				VERSION_INFO_PREFIX = "";
			};
			name = Release;
		};
/* End XCBuildConfiguration section */

/* Begin XCConfigurationList section */
		582FADA51E4F888D008DADF2 /* Build configuration list for PBXProject "CountDown" */ = {
			isa = XCConfigurationList;
			buildConfigurations = (
				582FADC51E4F888D008DADF2 /* Debug */,
				582FADC61E4F888D008DADF2 /* Release */,
			);
			defaultConfigurationIsVisible = 0;
			defaultConfigurationName = Release;
		};
		582FADC71E4F888D008DADF2 /* Build configuration list for PBXNativeTarget "CountDown" */ = {
			isa = XCConfigurationList;
			buildConfigurations = (
				582FADC81E4F888D008DADF2 /* Debug */,
				582FADC91E4F888D008DADF2 /* Release */,
			);
			defaultConfigurationIsVisible = 0;
			defaultConfigurationName = Release;
		};
		582FADCA1E4F888D008DADF2 /* Build configuration list for PBXNativeTarget "CountDownTests" */ = {
			isa = XCConfigurationList;
			buildConfigurations = (
				582FADCB1E4F888D008DADF2 /* Debug */,
				582FADCC1E4F888D008DADF2 /* Release */,
			);
			defaultConfigurationIsVisible = 0;
			defaultConfigurationName = Release;
		};
		5857FBBA1E5221C70093565B /* Build configuration list for PBXNativeTarget "PocketSphinx" */ = {
			isa = XCConfigurationList;
			buildConfigurations = (
				5857FBBB1E5221C70093565B /* Debug */,
				5857FBBC1E5221C70093565B /* Release */,
			);
			defaultConfigurationIsVisible = 0;
			defaultConfigurationName = Release;
		};
/* End XCConfigurationList section */
	};
	rootObject = 582FADA21E4F888D008DADF2 /* Project object */;
}
